
Microsoft Visual Studio Solution File, Format Version 12.00
# Visual Studio 15
VisualStudioVersion = 15.0.27703.2035
MinimumVisualStudioVersion = 10.0.40219.1
Project("{9A19103F-16F7-4668-BE54-9A1E7A4F7556}") = "Homedish.Aws.Dynamo", "DLLs\Homedish.Aws.Dynamo\Homedish.Aws.Dynamo.csproj", "{BEA3D672-24EF-4D73-840C-C00CDDBABF47}"
EndProject
Project("{9A19103F-16F7-4668-BE54-9A1E7A4F7556}") = "Homedish.Aws.Dynamo.UnitTests", "DLLs\Homedish.Aws.Dynamo.UnitTests\Homedish.Aws.Dynamo.UnitTests.csproj", "{207EC25F-CEC1-4FDB-88F5-08190673C135}"
EndProject
Project("{9A19103F-16F7-4668-BE54-9A1E7A4F7556}") = "Homedish.Logging", "DLLs\Homedish.Logging\Homedish.Logging.csproj", "{AE45839A-346C-4A7C-BE33-69B6C9B11117}"
EndProject
Project("{9A19103F-16F7-4668-BE54-9A1E7A4F7556}") = "Homedish.Logging.UnitTests", "DLLs\Homedish.Logging.UnitTests\Homedish.Logging.UnitTests.csproj", "{6A132414-A266-4241-9FFD-EE8C2064B551}"
EndProject
Project("{9A19103F-16F7-4668-BE54-9A1E7A4F7556}") = "Homedish.Models", "DLLs\Homedish.Models\Homedish.Models.csproj", "{99D3B210-8627-4FF5-AD8C-D21D535FD5FC}"
EndProject
Project("{9A19103F-16F7-4668-BE54-9A1E7A4F7556}") = "Homedish.Ably", "DLLs\Homedish.Ably\Homedish.Ably.csproj", "{E88C8958-7172-4EE8-8F19-E09B1D12880F}"
EndProject
Project("{9A19103F-16F7-4668-BE54-9A1E7A4F7556}") = "Homedish.Ably.UnitTests", "DLLs\Homedish.Ably.UnitTests\Homedish.Ably.UnitTests.csproj", "{17DF69C2-B1C1-41AD-9A75-26A41F3F308C}"
EndProject
Project("{9A19103F-16F7-4668-BE54-9A1E7A4F7556}") = "Homedish.Template.Api", "Templates\Api\Homedish.Template.Api\Homedish.Template.Api.csproj", "{25DD0BB3-EB6B-4D4B-B4FF-335F42C7D9F7}"
EndProject
Project("{9A19103F-16F7-4668-BE54-9A1E7A4F7556}") = "Homedish.Template.Core", "Templates\Api\Homedish.Template.Core\Homedish.Template.Core.csproj", "{6F58C5D7-8D07-4B93-9063-28DFC199A95C}"
EndProject
Project("{9A19103F-16F7-4668-BE54-9A1E7A4F7556}") = "Homedish.Template.UnitTests", "Templates\Api\Homedish.Template.UnitTests\Homedish.Template.UnitTests.csproj", "{24F041CF-FE70-4786-879C-9E700F6AA7FB}"
EndProject
Project("{2150E333-8FDC-42A3-9474-1A3956D46DE8}") = "DLLs", "DLLs", "{B19CE877-1D32-4BB1-B20B-B4C8306743ED}"
EndProject
Project("{2150E333-8FDC-42A3-9474-1A3956D46DE8}") = "Templates", "Templates", "{51C5CEE0-BD95-4440-ACC3-47E14F11FDDA}"
EndProject
Project("{2150E333-8FDC-42A3-9474-1A3956D46DE8}") = "Api", "Api", "{45FB3165-AE0A-46D4-93E4-42F8812C35CA}"
EndProject
Project("{2150E333-8FDC-42A3-9474-1A3956D46DE8}") = "Worker", "Worker", "{EC15A95B-98F3-4359-9886-FEAE4235A086}"
EndProject
Project("{9A19103F-16F7-4668-BE54-9A1E7A4F7556}") = "Homedish.Template.Worker.UnitTests", "Templates\Worker\Homedish.Template.Worker.UnitTests\Homedish.Template.Worker.UnitTests.csproj", "{8FEEFE4D-3B4A-4135-BDE7-ED98D56A8AD2}"
EndProject
Project("{9A19103F-16F7-4668-BE54-9A1E7A4F7556}") = "Homedish.Template.Worker.Core", "Templates\Worker\Homedish.Template.Worker.Core\Homedish.Template.Worker.Core.csproj", "{AF5681D6-9F31-4412-8DD4-77E0A3D907DF}"
EndProject
Project("{9A19103F-16F7-4668-BE54-9A1E7A4F7556}") = "Homedish.WebCore", "DLLs\Homedish.WebCore\Homedish.WebCore.csproj", "{071E35BE-13BB-4090-ADE2-58108219FA14}"
EndProject
Project("{9A19103F-16F7-4668-BE54-9A1E7A4F7556}") = "Homedish.SQL", "DLLs\Homedish.SQL\Homedish.SQL.csproj", "{D75A75EE-B6DE-41EF-A7F7-7731D542ED0A}"
EndProject
Project("{9A19103F-16F7-4668-BE54-9A1E7A4F7556}") = "Homedish.SQL.UnitTests", "DLLs\Homedish.SQL.UnitTests\Homedish.SQL.UnitTests.csproj", "{B1E26829-85D4-4A1A-B2D3-F00ADECE1603}"
EndProject
Project("{FAE04EC0-301F-11D3-BF4B-00C04F79EFBC}") = "Homedish.Template.Worker", "Templates\Worker\Homedish.Template.Worker\Homedish.Template.Worker.csproj", "{288E3ABC-F1B2-487E-95FE-C4813762DD60}"
EndProject
Project("{FAE04EC0-301F-11D3-BF4B-00C04F79EFBC}") = "Homedish.Events.Contracts", "DLLs\Homedish.Events.Contracts\Homedish.Events.Contracts.csproj", "{997D0FF7-7E4B-4F43-B2DA-3A01AE7BD77C}"
EndProject
Global
	GlobalSection(SolutionConfigurationPlatforms) = preSolution
		Debug|Any CPU = Debug|Any CPU
		Release|Any CPU = Release|Any CPU
	EndGlobalSection
	GlobalSection(ProjectConfigurationPlatforms) = postSolution
		{BEA3D672-24EF-4D73-840C-C00CDDBABF47}.Debug|Any CPU.ActiveCfg = Debug|Any CPU
		{BEA3D672-24EF-4D73-840C-C00CDDBABF47}.Debug|Any CPU.Build.0 = Debug|Any CPU
		{BEA3D672-24EF-4D73-840C-C00CDDBABF47}.Release|Any CPU.ActiveCfg = Release|Any CPU
		{BEA3D672-24EF-4D73-840C-C00CDDBABF47}.Release|Any CPU.Build.0 = Release|Any CPU
		{207EC25F-CEC1-4FDB-88F5-08190673C135}.Debug|Any CPU.ActiveCfg = Debug|Any CPU
		{207EC25F-CEC1-4FDB-88F5-08190673C135}.Debug|Any CPU.Build.0 = Debug|Any CPU
		{207EC25F-CEC1-4FDB-88F5-08190673C135}.Release|Any CPU.ActiveCfg = Release|Any CPU
		{207EC25F-CEC1-4FDB-88F5-08190673C135}.Release|Any CPU.Build.0 = Release|Any CPU
		{AE45839A-346C-4A7C-BE33-69B6C9B11117}.Debug|Any CPU.ActiveCfg = Debug|Any CPU
		{AE45839A-346C-4A7C-BE33-69B6C9B11117}.Debug|Any CPU.Build.0 = Debug|Any CPU
		{AE45839A-346C-4A7C-BE33-69B6C9B11117}.Release|Any CPU.ActiveCfg = Release|Any CPU
		{AE45839A-346C-4A7C-BE33-69B6C9B11117}.Release|Any CPU.Build.0 = Release|Any CPU
		{6A132414-A266-4241-9FFD-EE8C2064B551}.Debug|Any CPU.ActiveCfg = Debug|Any CPU
		{6A132414-A266-4241-9FFD-EE8C2064B551}.Debug|Any CPU.Build.0 = Debug|Any CPU
		{6A132414-A266-4241-9FFD-EE8C2064B551}.Release|Any CPU.ActiveCfg = Release|Any CPU
		{6A132414-A266-4241-9FFD-EE8C2064B551}.Release|Any CPU.Build.0 = Release|Any CPU
		{99D3B210-8627-4FF5-AD8C-D21D535FD5FC}.Debug|Any CPU.ActiveCfg = Debug|Any CPU
		{99D3B210-8627-4FF5-AD8C-D21D535FD5FC}.Debug|Any CPU.Build.0 = Debug|Any CPU
		{99D3B210-8627-4FF5-AD8C-D21D535FD5FC}.Release|Any CPU.ActiveCfg = Release|Any CPU
		{99D3B210-8627-4FF5-AD8C-D21D535FD5FC}.Release|Any CPU.Build.0 = Release|Any CPU
		{E88C8958-7172-4EE8-8F19-E09B1D12880F}.Debug|Any CPU.ActiveCfg = Debug|Any CPU
		{E88C8958-7172-4EE8-8F19-E09B1D12880F}.Debug|Any CPU.Build.0 = Debug|Any CPU
		{E88C8958-7172-4EE8-8F19-E09B1D12880F}.Release|Any CPU.ActiveCfg = Release|Any CPU
		{E88C8958-7172-4EE8-8F19-E09B1D12880F}.Release|Any CPU.Build.0 = Release|Any CPU
		{17DF69C2-B1C1-41AD-9A75-26A41F3F308C}.Debug|Any CPU.ActiveCfg = Debug|Any CPU
		{17DF69C2-B1C1-41AD-9A75-26A41F3F308C}.Debug|Any CPU.Build.0 = Debug|Any CPU
		{17DF69C2-B1C1-41AD-9A75-26A41F3F308C}.Release|Any CPU.ActiveCfg = Release|Any CPU
		{17DF69C2-B1C1-41AD-9A75-26A41F3F308C}.Release|Any CPU.Build.0 = Release|Any CPU
		{25DD0BB3-EB6B-4D4B-B4FF-335F42C7D9F7}.Debug|Any CPU.ActiveCfg = Debug|Any CPU
		{25DD0BB3-EB6B-4D4B-B4FF-335F42C7D9F7}.Debug|Any CPU.Build.0 = Debug|Any CPU
		{25DD0BB3-EB6B-4D4B-B4FF-335F42C7D9F7}.Release|Any CPU.ActiveCfg = Release|Any CPU
		{25DD0BB3-EB6B-4D4B-B4FF-335F42C7D9F7}.Release|Any CPU.Build.0 = Release|Any CPU
		{6F58C5D7-8D07-4B93-9063-28DFC199A95C}.Debug|Any CPU.ActiveCfg = Debug|Any CPU
		{6F58C5D7-8D07-4B93-9063-28DFC199A95C}.Debug|Any CPU.Build.0 = Debug|Any CPU
		{6F58C5D7-8D07-4B93-9063-28DFC199A95C}.Release|Any CPU.ActiveCfg = Release|Any CPU
		{6F58C5D7-8D07-4B93-9063-28DFC199A95C}.Release|Any CPU.Build.0 = Release|Any CPU
		{24F041CF-FE70-4786-879C-9E700F6AA7FB}.Debug|Any CPU.ActiveCfg = Debug|Any CPU
		{24F041CF-FE70-4786-879C-9E700F6AA7FB}.Debug|Any CPU.Build.0 = Debug|Any CPU
		{24F041CF-FE70-4786-879C-9E700F6AA7FB}.Release|Any CPU.ActiveCfg = Release|Any CPU
		{24F041CF-FE70-4786-879C-9E700F6AA7FB}.Release|Any CPU.Build.0 = Release|Any CPU
		{8FEEFE4D-3B4A-4135-BDE7-ED98D56A8AD2}.Debug|Any CPU.ActiveCfg = Debug|Any CPU
		{8FEEFE4D-3B4A-4135-BDE7-ED98D56A8AD2}.Debug|Any CPU.Build.0 = Debug|Any CPU
		{8FEEFE4D-3B4A-4135-BDE7-ED98D56A8AD2}.Release|Any CPU.ActiveCfg = Release|Any CPU
		{8FEEFE4D-3B4A-4135-BDE7-ED98D56A8AD2}.Release|Any CPU.Build.0 = Release|Any CPU
		{AF5681D6-9F31-4412-8DD4-77E0A3D907DF}.Debug|Any CPU.ActiveCfg = Debug|Any CPU
		{AF5681D6-9F31-4412-8DD4-77E0A3D907DF}.Debug|Any CPU.Build.0 = Debug|Any CPU
		{AF5681D6-9F31-4412-8DD4-77E0A3D907DF}.Release|Any CPU.ActiveCfg = Release|Any CPU
		{AF5681D6-9F31-4412-8DD4-77E0A3D907DF}.Release|Any CPU.Build.0 = Release|Any CPU
		{071E35BE-13BB-4090-ADE2-58108219FA14}.Debug|Any CPU.ActiveCfg = Debug|Any CPU
		{071E35BE-13BB-4090-ADE2-58108219FA14}.Debug|Any CPU.Build.0 = Debug|Any CPU
		{071E35BE-13BB-4090-ADE2-58108219FA14}.Release|Any CPU.ActiveCfg = Release|Any CPU
		{071E35BE-13BB-4090-ADE2-58108219FA14}.Release|Any CPU.Build.0 = Release|Any CPU
		{D75A75EE-B6DE-41EF-A7F7-7731D542ED0A}.Debug|Any CPU.ActiveCfg = Debug|Any CPU
		{D75A75EE-B6DE-41EF-A7F7-7731D542ED0A}.Debug|Any CPU.Build.0 = Debug|Any CPU
		{D75A75EE-B6DE-41EF-A7F7-7731D542ED0A}.Release|Any CPU.ActiveCfg = Release|Any CPU
		{D75A75EE-B6DE-41EF-A7F7-7731D542ED0A}.Release|Any CPU.Build.0 = Release|Any CPU
		{B1E26829-85D4-4A1A-B2D3-F00ADECE1603}.Debug|Any CPU.ActiveCfg = Debug|Any CPU
		{B1E26829-85D4-4A1A-B2D3-F00ADECE1603}.Debug|Any CPU.Build.0 = Debug|Any CPU
		{B1E26829-85D4-4A1A-B2D3-F00ADECE1603}.Release|Any CPU.ActiveCfg = Release|Any CPU
		{B1E26829-85D4-4A1A-B2D3-F00ADECE1603}.Release|Any CPU.Build.0 = Release|Any CPU
		{288E3ABC-F1B2-487E-95FE-C4813762DD60}.Debug|Any CPU.ActiveCfg = Debug|Any CPU
		{288E3ABC-F1B2-487E-95FE-C4813762DD60}.Debug|Any CPU.Build.0 = Debug|Any CPU
		{288E3ABC-F1B2-487E-95FE-C4813762DD60}.Release|Any CPU.ActiveCfg = Release|Any CPU
		{288E3ABC-F1B2-487E-95FE-C4813762DD60}.Release|Any CPU.Build.0 = Release|Any CPU
		{997D0FF7-7E4B-4F43-B2DA-3A01AE7BD77C}.Debug|Any CPU.ActiveCfg = Debug|Any CPU
		{997D0FF7-7E4B-4F43-B2DA-3A01AE7BD77C}.Debug|Any CPU.Build.0 = Debug|Any CPU
		{997D0FF7-7E4B-4F43-B2DA-3A01AE7BD77C}.Release|Any CPU.ActiveCfg = Release|Any CPU
		{997D0FF7-7E4B-4F43-B2DA-3A01AE7BD77C}.Release|Any CPU.Build.0 = Release|Any CPU
	EndGlobalSection
	GlobalSection(SolutionProperties) = preSolution
		HideSolutionNode = FALSE
	EndGlobalSection
	GlobalSection(NestedProjects) = preSolution
		{BEA3D672-24EF-4D73-840C-C00CDDBABF47} = {B19CE877-1D32-4BB1-B20B-B4C8306743ED}
		{207EC25F-CEC1-4FDB-88F5-08190673C135} = {B19CE877-1D32-4BB1-B20B-B4C8306743ED}
		{AE45839A-346C-4A7C-BE33-69B6C9B11117} = {B19CE877-1D32-4BB1-B20B-B4C8306743ED}
		{6A132414-A266-4241-9FFD-EE8C2064B551} = {B19CE877-1D32-4BB1-B20B-B4C8306743ED}
		{99D3B210-8627-4FF5-AD8C-D21D535FD5FC} = {B19CE877-1D32-4BB1-B20B-B4C8306743ED}
		{E88C8958-7172-4EE8-8F19-E09B1D12880F} = {B19CE877-1D32-4BB1-B20B-B4C8306743ED}
		{17DF69C2-B1C1-41AD-9A75-26A41F3F308C} = {B19CE877-1D32-4BB1-B20B-B4C8306743ED}
		{25DD0BB3-EB6B-4D4B-B4FF-335F42C7D9F7} = {45FB3165-AE0A-46D4-93E4-42F8812C35CA}
		{6F58C5D7-8D07-4B93-9063-28DFC199A95C} = {45FB3165-AE0A-46D4-93E4-42F8812C35CA}
		{24F041CF-FE70-4786-879C-9E700F6AA7FB} = {45FB3165-AE0A-46D4-93E4-42F8812C35CA}
		{45FB3165-AE0A-46D4-93E4-42F8812C35CA} = {51C5CEE0-BD95-4440-ACC3-47E14F11FDDA}
		{EC15A95B-98F3-4359-9886-FEAE4235A086} = {51C5CEE0-BD95-4440-ACC3-47E14F11FDDA}
		{8FEEFE4D-3B4A-4135-BDE7-ED98D56A8AD2} = {EC15A95B-98F3-4359-9886-FEAE4235A086}
		{AF5681D6-9F31-4412-8DD4-77E0A3D907DF} = {EC15A95B-98F3-4359-9886-FEAE4235A086}
		{071E35BE-13BB-4090-ADE2-58108219FA14} = {B19CE877-1D32-4BB1-B20B-B4C8306743ED}
		{D75A75EE-B6DE-41EF-A7F7-7731D542ED0A} = {B19CE877-1D32-4BB1-B20B-B4C8306743ED}
		{B1E26829-85D4-4A1A-B2D3-F00ADECE1603} = {B19CE877-1D32-4BB1-B20B-B4C8306743ED}
		{288E3ABC-F1B2-487E-95FE-C4813762DD60} = {EC15A95B-98F3-4359-9886-FEAE4235A086}
		{997D0FF7-7E4B-4F43-B2DA-3A01AE7BD77C} = {B19CE877-1D32-4BB1-B20B-B4C8306743ED}
	EndGlobalSection
	GlobalSection(ExtensibilityGlobals) = postSolution
		SolutionGuid = {1B9646B8-416C-442A-A1D8-EDD2F02A030E}
	EndGlobalSection
EndGlobal
